
Microsoft Visual Studio Solution File, Format Version 12.00
# Visual Studio Version 17
VisualStudioVersion = 17.3.32825.248
MinimumVisualStudioVersion = 10.0.40219.1
Project("{8BC9CEB8-8B4A-11D0-8D11-00A0C91BC942}") = "test_9_25", "test_9_25\test_9_25.vcxproj", "{D5669A86-24AD-4898-A5A4-9B079AC0302F}"
EndProject
Global
	GlobalSection(SolutionConfigurationPlatforms) = preSolution
		Debug|x64 = Debug|x64
		Debug|x86 = Debug|x86
		Release|x64 = Release|x64
		Release|x86 = Release|x86
	EndGlobalSection
	GlobalSection(ProjectConfigurationPlatforms) = postSolution
		{D5669A86-24AD-4898-A5A4-9B079AC0302F}.Debug|x64.ActiveCfg = Debug|x64
		{D5669A86-24AD-4898-A5A4-9B079AC0302F}.Debug|x64.Build.0 = Debug|x64
		{D5669A86-24AD-4898-A5A4-9B079AC0302F}.Debug|x86.ActiveCfg = Debug|Win32
		{D5669A86-24AD-4898-A5A4-9B079AC0302F}.Debug|x86.Build.0 = Debug|Win32
		{D5669A86-24AD-4898-A5A4-9B079AC0302F}.Release|x64.ActiveCfg = Release|x64
		{D5669A86-24AD-4898-A5A4-9B079AC0302F}.Release|x64.Build.0 = Release|x64
		{D5669A86-24AD-4898-A5A4-9B079AC0302F}.Release|x86.ActiveCfg = Release|Win32
		{D5669A86-24AD-4898-A5A4-9B079AC0302F}.Release|x86.Build.0 = Release|Win32
	EndGlobalSection
	GlobalSection(SolutionProperties) = preSolution
		HideSolutionNode = FALSE
	EndGlobalSection
	GlobalSection(ExtensibilityGlobals) = postSolution
		SolutionGuid = {F4FE1240-2F85-4AFA-A333-DE0A1DFA280E}
	EndGlobalSection
EndGlobal
